[root]
name = "chucker"
version = "0.1.0"
dependencies = [
 "byteorder 0.4.2 (registry+https://github.com/rust-lang/crates.io-index)",
 "libc 0.2.7 (registry+https://github.com/rust-lang/crates.io-index)",
 "net-bits 0.0.2 (git+https://github.com/stuij/net-bits)",
 "tuntap 0.0.1 (git+https://github.com/stuij/tuntap-rust)",
]

[[package]]
name = "byteorder"
version = "0.4.2"
source = "registry+https://github.com/rust-lang/crates.io-index"

[[package]]
name = "libc"
version = "0.2.7"
source = "registry+https://github.com/rust-lang/crates.io-index"

[[package]]
name = "net-bits"
version = "0.0.2"
source = "git+https://github.com/stuij/net-bits#b0f84bf022bcd3609b4b24c13abe8be480529f2e"

[[package]]
name = "tuntap"
version = "0.0.1"
source = "git+https://github.com/stuij/tuntap-rust#179507fa935f76551de9e2eaa0da4063d208316a"

